// !$*UTF8*$!
{
	archiveVersion = 1;
	classes = {
	};
	objectVersion = 50;
	objects = {

/* Begin PBXBuildFile section */
		6E740849244A891A008846E5 /* WeatherManager.swift in Sources */ = {isa = PBXBuildFile; fileRef = 6E740848244A891A008846E5 /* WeatherManager.swift */; };
		6E74084F244BE384008846E5 /* SunsetModel.swift in Sources */ = {isa = PBXBuildFile; fileRef = 6E74084E244BE384008846E5 /* SunsetModel.swift */; };
		6E740853244BE42F008846E5 /* WeatherData.swift in Sources */ = {isa = PBXBuildFile; fileRef = 6E740852244BE42F008846E5 /* WeatherData.swift */; };
		6E740855244CA6F7008846E5 /* WeatherManagerDelegate.swift in Sources */ = {isa = PBXBuildFile; fileRef = 6E740854244CA6F7008846E5 /* WeatherManagerDelegate.swift */; };
		6E859A60240206AE00B7A16E /* AppDelegate.swift in Sources */ = {isa = PBXBuildFile; fileRef = 6E859A5F240206AE00B7A16E /* AppDelegate.swift */; };
		6E859A62240206AE00B7A16E /* SceneDelegate.swift in Sources */ = {isa = PBXBuildFile; fileRef = 6E859A61240206AE00B7A16E /* SceneDelegate.swift */; };
		6E859A64240206AE00B7A16E /* ViewController.swift in Sources */ = {isa = PBXBuildFile; fileRef = 6E859A63240206AE00B7A16E /* ViewController.swift */; };
		6E859A67240206AE00B7A16E /* Main.storyboard in Resources */ = {isa = PBXBuildFile; fileRef = 6E859A65240206AE00B7A16E /* Main.storyboard */; };
		6E859A6A240206AE00B7A16E /* twilight_timer.xcdatamodeld in Sources */ = {isa = PBXBuildFile; fileRef = 6E859A68240206AE00B7A16E /* twilight_timer.xcdatamodeld */; };
		6E859A6C240206B800B7A16E /* Assets.xcassets in Resources */ = {isa = PBXBuildFile; fileRef = 6E859A6B240206B800B7A16E /* Assets.xcassets */; };
		6E859A6F240206B800B7A16E /* LaunchScreen.storyboard in Resources */ = {isa = PBXBuildFile; fileRef = 6E859A6D240206B800B7A16E /* LaunchScreen.storyboard */; };
		6EC96F2C244FE69C00CC3B3B /* NotificationManager.swift in Sources */ = {isa = PBXBuildFile; fileRef = 6EC96F2B244FE69C00CC3B3B /* NotificationManager.swift */; };
		6EC96F2E2450FD5800CC3B3B /* Default-568h@2x.png in Resources */ = {isa = PBXBuildFile; fileRef = 6EC96F2D2450FD5800CC3B3B /* Default-568h@2x.png */; };
/* End PBXBuildFile section */

/* Begin PBXFileReference section */
		6E740848244A891A008846E5 /* WeatherManager.swift */ = {isa = PBXFileReference; lastKnownFileType = sourcecode.swift; path = WeatherManager.swift; sourceTree = "<group>"; };
		6E74084E244BE384008846E5 /* SunsetModel.swift */ = {isa = PBXFileReference; lastKnownFileType = sourcecode.swift; path = SunsetModel.swift; sourceTree = "<group>"; };
		6E740852244BE42F008846E5 /* WeatherData.swift */ = {isa = PBXFileReference; lastKnownFileType = sourcecode.swift; path = WeatherData.swift; sourceTree = "<group>"; };
		6E740854244CA6F7008846E5 /* WeatherManagerDelegate.swift */ = {isa = PBXFileReference; lastKnownFileType = sourcecode.swift; path = WeatherManagerDelegate.swift; sourceTree = "<group>"; };
		6E859A5C240206AE00B7A16E /* twilight_timer.app */ = {isa = PBXFileReference; explicitFileType = wrapper.application; includeInIndex = 0; path = twilight_timer.app; sourceTree = BUILT_PRODUCTS_DIR; };
		6E859A5F240206AE00B7A16E /* AppDelegate.swift */ = {isa = PBXFileReference; lastKnownFileType = sourcecode.swift; path = AppDelegate.swift; sourceTree = "<group>"; };
		6E859A61240206AE00B7A16E /* SceneDelegate.swift */ = {isa = PBXFileReference; lastKnownFileType = sourcecode.swift; path = SceneDelegate.swift; sourceTree = "<group>"; };
		6E859A63240206AE00B7A16E /* ViewController.swift */ = {isa = PBXFileReference; lastKnownFileType = sourcecode.swift; path = ViewController.swift; sourceTree = "<group>"; };
		6E859A66240206AE00B7A16E /* Base */ = {isa = PBXFileReference; lastKnownFileType = file.storyboard; name = Base; path = Base.lproj/Main.storyboard; sourceTree = "<group>"; };
		6E859A69240206AE00B7A16E /* twilight_timer_v0.xcdatamodel */ = {isa = PBXFileReference; lastKnownFileType = wrapper.xcdatamodel; path = twilight_timer_v0.xcdatamodel; sourceTree = "<group>"; };
		6E859A6B240206B800B7A16E /* Assets.xcassets */ = {isa = PBXFileReference; lastKnownFileType = folder.assetcatalog; path = Assets.xcassets; sourceTree = "<group>"; };
		6E859A6E240206B800B7A16E /* Base */ = {isa = PBXFileReference; lastKnownFileType = file.storyboard; name = Base; path = Base.lproj/LaunchScreen.storyboard; sourceTree = "<group>"; };
		6E859A70240206B800B7A16E /* Info.plist */ = {isa = PBXFileReference; lastKnownFileType = text.plist.xml; path = Info.plist; sourceTree = "<group>"; };
		6EC96F2B244FE69C00CC3B3B /* NotificationManager.swift */ = {isa = PBXFileReference; lastKnownFileType = sourcecode.swift; path = NotificationManager.swift; sourceTree = "<group>"; };
		6EC96F2D2450FD5800CC3B3B /* Default-568h@2x.png */ = {isa = PBXFileReference; lastKnownFileType = image.png; path = "Default-568h@2x.png"; sourceTree = "<group>"; };
/* End PBXFileReference section */

/* Begin PBXFrameworksBuildPhase section */
		6E859A59240206AE00B7A16E /* Frameworks */ = {
			isa = PBXFrameworksBuildPhase;
			buildActionMask = 2147483647;
			files = (
			);
			runOnlyForDeploymentPostprocessing = 0;
		};
/* End PBXFrameworksBuildPhase section */

/* Begin PBXGroup section */
		6E7408372442981E008846E5 /* Model */ = {
			isa = PBXGroup;
			children = (
				6E74084E244BE384008846E5 /* SunsetModel.swift */,
				6E740852244BE42F008846E5 /* WeatherData.swift */,
				6E740854244CA6F7008846E5 /* WeatherManagerDelegate.swift */,
				6E740848244A891A008846E5 /* WeatherManager.swift */,
				6EC96F2B244FE69C00CC3B3B /* NotificationManager.swift */,
			);
			path = Model;
			sourceTree = "<group>";
		};
		6E74083A24429842008846E5 /* View */ = {
			isa = PBXGroup;
			children = (
				6E859A65240206AE00B7A16E /* Main.storyboard */,
			);
			path = View;
			sourceTree = "<group>";
		};
		6E74083B2442984B008846E5 /* Controller */ = {
			isa = PBXGroup;
			children = (
				6E859A63240206AE00B7A16E /* ViewController.swift */,
			);
			path = Controller;
			sourceTree = "<group>";
		};
		6E859A53240206AE00B7A16E = {
			isa = PBXGroup;
			children = (
				6EC96F2D2450FD5800CC3B3B /* Default-568h@2x.png */,
				6E859A5E240206AE00B7A16E /* twilight_timer */,
				6E859A5D240206AE00B7A16E /* Products */,
			);
			sourceTree = "<group>";
		};
		6E859A5D240206AE00B7A16E /* Products */ = {
			isa = PBXGroup;
			children = (
				6E859A5C240206AE00B7A16E /* twilight_timer.app */,
			);
			name = Products;
			sourceTree = "<group>";
		};
		6E859A5E240206AE00B7A16E /* twilight_timer */ = {
			isa = PBXGroup;
			children = (
				6E859A5F240206AE00B7A16E /* AppDelegate.swift */,
				6E859A61240206AE00B7A16E /* SceneDelegate.swift */,
				6E7408372442981E008846E5 /* Model */,
				6E74083B2442984B008846E5 /* Controller */,
				6E74083A24429842008846E5 /* View */,
				6E859A6B240206B800B7A16E /* Assets.xcassets */,
				6E859A6D240206B800B7A16E /* LaunchScreen.storyboard */,
				6E859A70240206B800B7A16E /* Info.plist */,
				6E859A68240206AE00B7A16E /* twilight_timer.xcdatamodeld */,
			);
			path = twilight_timer;
			sourceTree = "<group>";
		};
/* End PBXGroup section */

/* Begin PBXNativeTarget section */
		6E859A5B240206AE00B7A16E /* twilight_timer */ = {
			isa = PBXNativeTarget;
			buildConfigurationList = 6E859A73240206B800B7A16E /* Build configuration list for PBXNativeTarget "twilight_timer" */;
			buildPhases = (
				6E859A58240206AE00B7A16E /* Sources */,
				6E859A59240206AE00B7A16E /* Frameworks */,
				6E859A5A240206AE00B7A16E /* Resources */,
			);
			buildRules = (
			);
			dependencies = (
			);
			name = twilight_timer;
			productName = twilight_timer_v0;
			productReference = 6E859A5C240206AE00B7A16E /* twilight_timer.app */;
			productType = "com.apple.product-type.application";
		};
/* End PBXNativeTarget section */

/* Begin PBXProject section */
		6E859A54240206AE00B7A16E /* Project object */ = {
			isa = PBXProject;
			attributes = {
				LastSwiftUpdateCheck = 1130;
				LastUpgradeCheck = 1130;
				ORGANIZATIONNAME = "Justin Majetich";
				TargetAttributes = {
					6E859A5B240206AE00B7A16E = {
						CreatedOnToolsVersion = 11.3.1;
					};
				};
			};
			buildConfigurationList = 6E859A57240206AE00B7A16E /* Build configuration list for PBXProject "twilight_timer" */;
			compatibilityVersion = "Xcode 9.3";
			developmentRegion = en;
			hasScannedForEncodings = 0;
			knownRegions = (
				en,
				Base,
			);
			mainGroup = 6E859A53240206AE00B7A16E;
			productRefGroup = 6E859A5D240206AE00B7A16E /* Products */;
			projectDirPath = "";
			projectRoot = "";
			targets = (
				6E859A5B240206AE00B7A16E /* twilight_timer */,
			);
		};
/* End PBXProject section */

/* Begin PBXResourcesBuildPhase section */
		6E859A5A240206AE00B7A16E /* Resources */ = {
			isa = PBXResourcesBuildPhase;
			buildActionMask = 2147483647;
			files = (
				6E859A6F240206B800B7A16E /* LaunchScreen.storyboard in Resources */,
				6EC96F2E2450FD5800CC3B3B /* Default-568h@2x.png in Resources */,
				6E859A6C240206B800B7A16E /* Assets.xcassets in Resources */,
				6E859A67240206AE00B7A16E /* Main.storyboard in Resources */,
			);
			runOnlyForDeploymentPostprocessing = 0;
		};
/* End PBXResourcesBuildPhase section */

/* Begin PBXSourcesBuildPhase section */
		6E859A58240206AE00B7A16E /* Sources */ = {
			isa = PBXSourcesBuildPhase;
			buildActionMask = 2147483647;
			files = (
				6E859A64240206AE00B7A16E /* ViewController.swift in Sources */,
				6E859A60240206AE00B7A16E /* AppDelegate.swift in Sources */,
				6E740853244BE42F008846E5 /* WeatherData.swift in Sources */,
				6EC96F2C244FE69C00CC3B3B /* NotificationManager.swift in Sources */,
				6E859A62240206AE00B7A16E /* SceneDelegate.swift in Sources */,
				6E74084F244BE384008846E5 /* SunsetModel.swift in Sources */,
				6E740855244CA6F7008846E5 /* WeatherManagerDelegate.swift in Sources */,
				6E740849244A891A008846E5 /* WeatherManager.swift in Sources */,
				6E859A6A240206AE00B7A16E /* twilight_timer.xcdatamodeld in Sources */,
			);
			runOnlyForDeploymentPostprocessing = 0;
		};
/* End PBXSourcesBuildPhase section */

/* Begin PBXVariantGroup section */
		6E859A65240206AE00B7A16E /* Main.storyboard */ = {
			isa = PBXVariantGroup;
			children = (
				6E859A66240206AE00B7A16E /* Base */,
			);
			name = Main.storyboard;
			sourceTree = "<group>";
		};
		6E859A6D240206B800B7A16E /* LaunchScreen.storyboard */ = {
			isa = PBXVariantGroup;
			children = (
				6E859A6E240206B800B7A16E /* Base */,
			);
			name = LaunchScreen.storyboard;
			sourceTree = "<group>";
		};
/* End PBXVariantGroup section */

/* Begin XCBuildConfiguration section */
		6E859A71240206B800B7A16E /* Debug */ = {
			isa = XCBuildConfiguration;
			buildSettings = {
				ALWAYS_SEARCH_USER_PATHS = NO;
				CLANG_ANALYZER_NONNULL = YES;
				CLANG_ANALYZER_NUMBER_OBJECT_CONVERSION = YES_AGGRESSIVE;
				CLANG_CXX_LANGUAGE_STANDARD = "gnu++14";
				CLANG_CXX_LIBRARY = "libc++";
				CLANG_ENABLE_MODULES = YES;
				CLANG_ENABLE_OBJC_ARC = YES;
				CLANG_ENABLE_OBJC_WEAK = YES;
				CLANG_WARN_BLOCK_CAPTURE_AUTORELEASING = YES;
				CLANG_WARN_BOOL_CONVERSION = YES;
				CLANG_WARN_COMMA = YES;
				CLANG_WARN_CONSTANT_CONVERSION = YES;
				CLANG_WARN_DEPRECATED_OBJC_IMPLEMENTATIONS = YES;
				CLANG_WARN_DIRECT_OBJC_ISA_USAGE = YES_ERROR;
				CLANG_WARN_DOCUMENTATION_COMMENTS = YES;
				CLANG_WARN_EMPTY_BODY = YES;
				CLANG_WARN_ENUM_CONVERSION = YES;
				CLANG_WARN_INFINITE_RECURSION = YES;
				CLANG_WARN_INT_CONVERSION = YES;
				CLANG_WARN_NON_LITERAL_NULL_CONVERSION = YES;
				CLANG_WARN_OBJC_IMPLICIT_RETAIN_SELF = YES;
				CLANG_WARN_OBJC_LITERAL_CONVERSION = YES;
				CLANG_WARN_OBJC_ROOT_CLASS = YES_ERROR;
				CLANG_WARN_RANGE_LOOP_ANALYSIS = YES;
				CLANG_WARN_STRICT_PROTOTYPES = YES;
				CLANG_WARN_SUSPICIOUS_MOVE = YES;
				CLANG_WARN_UNGUARDED_AVAILABILITY = YES_AGGRESSIVE;
				CLANG_WARN_UNREACHABLE_CODE = YES;
				CLANG_WARN__DUPLICATE_METHOD_MATCH = YES;
				COPY_PHASE_STRIP = NO;
				DEBUG_INFORMATION_FORMAT = dwarf;
				ENABLE_STRICT_OBJC_MSGSEND = YES;
				ENABLE_TESTABILITY = YES;
				GCC_C_LANGUAGE_STANDARD = gnu11;
				GCC_DYNAMIC_NO_PIC = NO;
				GCC_NO_COMMON_BLOCKS = YES;
				GCC_OPTIMIZATION_LEVEL = 0;
				GCC_PREPROCESSOR_DEFINITIONS = (
					"DEBUG=1",
					"$(inherited)",
				);
				GCC_WARN_64_TO_32_BIT_CONVERSION = YES;
				GCC_WARN_ABOUT_RETURN_TYPE = YES_ERROR;
				GCC_WARN_UNDECLARED_SELECTOR = YES;
				GCC_WARN_UNINITIALIZED_AUTOS = YES_AGGRESSIVE;
				GCC_WARN_UNUSED_FUNCTION = YES;
				GCC_WARN_UNUSED_VARIABLE = YES;
				IPHONEOS_DEPLOYMENT_TARGET = 13.2;
				MTL_ENABLE_DEBUG_INFO = INCLUDE_SOURCE;
				MTL_FAST_MATH = YES;
				ONLY_ACTIVE_ARCH = YES;
				SDKROOT = iphoneos;
				SWIFT_ACTIVE_COMPILATION_CONDITIONS = DEBUG;
				SWIFT_OPTIMIZATION_LEVEL = "-Onone";
			};
			name = Debug;
		};
		6E859A72240206B800B7A16E /* Release */ = {
			isa = XCBuildConfiguration;
			buildSettings = {
				ALWAYS_SEARCH_USER_PATHS = NO;
				CLANG_ANALYZER_NONNULL = YES;
				CLANG_ANALYZER_NUMBER_OBJECT_CONVERSION = YES_AGGRESSIVE;
				CLANG_CXX_LANGUAGE_STANDARD = "gnu++14";
				CLANG_CXX_LIBRARY = "libc++";
				CLANG_ENABLE_MODULES = YES;
				CLANG_ENABLE_OBJC_ARC = YES;
				CLANG_ENABLE_OBJC_WEAK = YES;
				CLANG_WARN_BLOCK_CAPTURE_AUTORELEASING = YES;
				CLANG_WARN_BOOL_CONVERSION = YES;
				CLANG_WARN_COMMA = YES;
				CLANG_WARN_CONSTANT_CONVERSION = YES;
				CLANG_WARN_DEPRECATED_OBJC_IMPLEMENTATIONS = YES;
				CLANG_WARN_DIRECT_OBJC_ISA_USAGE = YES_ERROR;
				CLANG_WARN_DOCUMENTATION_COMMENTS = YES;
				CLANG_WARN_EMPTY_BODY = YES;
				CLANG_WARN_ENUM_CONVERSION = YES;
				CLANG_WARN_INFINITE_RECURSION = YES;
				CLANG_WARN_INT_CONVERSION = YES;
				CLANG_WARN_NON_LITERAL_NULL_CONVERSION = YES;
				CLANG_WARN_OBJC_IMPLICIT_RETAIN_SELF = YES;
				CLANG_WARN_OBJC_LITERAL_CONVERSION = YES;
				CLANG_WARN_OBJC_ROOT_CLASS = YES_ERROR;
				CLANG_WARN_RANGE_LOOP_ANALYSIS = YES;
				CLANG_WARN_STRICT_PROTOTYPES = YES;
				CLANG_WARN_SUSPICIOUS_MOVE = YES;
				CLANG_WARN_UNGUARDED_AVAILABILITY = YES_AGGRESSIVE;
				CLANG_WARN_UNREACHABLE_CODE = YES;
				CLANG_WARN__DUPLICATE_METHOD_MATCH = YES;
				COPY_PHASE_STRIP = NO;
				DEBUG_INFORMATION_FORMAT = "dwarf-with-dsym";
				ENABLE_NS_ASSERTIONS = NO;
				ENABLE_STRICT_OBJC_MSGSEND = YES;
				GCC_C_LANGUAGE_STANDARD = gnu11;
				GCC_NO_COMMON_BLOCKS = YES;
				GCC_WARN_64_TO_32_BIT_CONVERSION = YES;
				GCC_WARN_ABOUT_RETURN_TYPE = YES_ERROR;
				GCC_WARN_UNDECLARED_SELECTOR = YES;
				GCC_WARN_UNINITIALIZED_AUTOS = YES_AGGRESSIVE;
				GCC_WARN_UNUSED_FUNCTION = YES;
				GCC_WARN_UNUSED_VARIABLE = YES;
				IPHONEOS_DEPLOYMENT_TARGET = 13.2;
				MTL_ENABLE_DEBUG_INFO = NO;
				MTL_FAST_MATH = YES;
				SDKROOT = iphoneos;
				SWIFT_COMPILATION_MODE = wholemodule;
				SWIFT_OPTIMIZATION_LEVEL = "-O";
				VALIDATE_PRODUCT = YES;
			};
			name = Release;
		};
		6E859A74240206B800B7A16E /* Debug */ = {
			isa = XCBuildConfiguration;
			buildSettings = {
				ASSETCATALOG_COMPILER_APPICON_NAME = AppIcon;
				CODE_SIGN_STYLE = Automatic;
				DEVELOPMENT_TEAM = K48CSN86N9;
				INFOPLIST_FILE = "$(SRCROOT)/twilight_timer/Info.plist";
				LD_RUNPATH_SEARCH_PATHS = (
					"$(inherited)",
					"@executable_path/Frameworks",
				);
				MARKETING_VERSION = 0.1;
				PRODUCT_BUNDLE_IDENTIFIER = "com.justinmajetich.twilight-timer";
				PRODUCT_NAME = twilight_timer;
				SWIFT_VERSION = 5.0;
				TARGETED_DEVICE_FAMILY = "1,2";
			};
			name = Debug;
		};
		6E859A75240206B800B7A16E /* Release */ = {
			isa = XCBuildConfiguration;
			buildSettings = {
				ASSETCATALOG_COMPILER_APPICON_NAME = AppIcon;
				CODE_SIGN_STYLE = Automatic;
				DEVELOPMENT_TEAM = K48CSN86N9;
				INFOPLIST_FILE = "$(SRCROOT)/twilight_timer/Info.plist";
				LD_RUNPATH_SEARCH_PATHS = (
					"$(inherited)",
					"@executable_path/Frameworks",
				);
				MARKETING_VERSION = 0.1;
				PRODUCT_BUNDLE_IDENTIFIER = "com.justinmajetich.twilight-timer";
				PRODUCT_NAME = twilight_timer;
				SWIFT_VERSION = 5.0;
				TARGETED_DEVICE_FAMILY = "1,2";
			};
			name = Release;
		};
/* End XCBuildConfiguration section */

/* Begin XCConfigurationList section */
		6E859A57240206AE00B7A16E /* Build configuration list for PBXProject "twilight_timer" */ = {
			isa = XCConfigurationList;
			buildConfigurations = (
				6E859A71240206B800B7A16E /* Debug */,
				6E859A72240206B800B7A16E /* Release */,
			);
			defaultConfigurationIsVisible = 0;
			defaultConfigurationName = Release;
		};
		6E859A73240206B800B7A16E /* Build configuration list for PBXNativeTarget "twilight_timer" */ = {
			isa = XCConfigurationList;
			buildConfigurations = (
				6E859A74240206B800B7A16E /* Debug */,
				6E859A75240206B800B7A16E /* Release */,
			);
			defaultConfigurationIsVisible = 0;
			defaultConfigurationName = Release;
		};
/* End XCConfigurationList section */

/* Begin XCVersionGroup section */
		6E859A68240206AE00B7A16E /* twilight_timer.xcdatamodeld */ = {
			isa = XCVersionGroup;
			children = (
				6E859A69240206AE00B7A16E /* twilight_timer_v0.xcdatamodel */,
			);
			currentVersion = 6E859A69240206AE00B7A16E /* twilight_timer_v0.xcdatamodel */;
			path = twilight_timer.xcdatamodeld;
			sourceTree = "<group>";
			versionGroupType = wrapper.xcdatamodel;
		};
/* End XCVersionGroup section */
	};
	rootObject = 6E859A54240206AE00B7A16E /* Project object */;
}
